// !$*UTF8*$!
{
	archiveVersion = 1;
	classes = {
	};
	objectVersion = 50;
	objects = {

/* Begin PBXBuildFile section */
		1F4C6D7325602243003BFC5A /* Player.swift in Sources */ = {isa = PBXBuildFile; fileRef = 1F4C6D7225602243003BFC5A /* Player.swift */; };
		1FC91118256008B2005D5F35 /* PlayerViewController.swift in Sources */ = {isa = PBXBuildFile; fileRef = 1FC91117256008B2005D5F35 /* PlayerViewController.swift */; };
		1FC9D7B72559BC8E00E2F1FD /* AppDelegate.swift in Sources */ = {isa = PBXBuildFile; fileRef = 1FC9D7B62559BC8E00E2F1FD /* AppDelegate.swift */; };
		1FC9D7B92559BC8E00E2F1FD /* SceneDelegate.swift in Sources */ = {isa = PBXBuildFile; fileRef = 1FC9D7B82559BC8E00E2F1FD /* SceneDelegate.swift */; };
		1FC9D7BE2559BC8F00E2F1FD /* Main.storyboard in Resources */ = {isa = PBXBuildFile; fileRef = 1FC9D7BC2559BC8F00E2F1FD /* Main.storyboard */; };
		1FC9D7C02559BC9400E2F1FD /* Assets.xcassets in Resources */ = {isa = PBXBuildFile; fileRef = 1FC9D7BF2559BC9400E2F1FD /* Assets.xcassets */; };
		1FC9D7C32559BC9400E2F1FD /* LaunchScreen.storyboard in Resources */ = {isa = PBXBuildFile; fileRef = 1FC9D7C12559BC9400E2F1FD /* LaunchScreen.storyboard */; };
		1FC9D7CB2559BE0E00E2F1FD /* PlayersViewController.swift in Sources */ = {isa = PBXBuildFile; fileRef = 1FC9D7CA2559BE0E00E2F1FD /* PlayersViewController.swift */; };
/* End PBXBuildFile section */

/* Begin PBXFileReference section */
		1F4C6D7225602243003BFC5A /* Player.swift */ = {isa = PBXFileReference; lastKnownFileType = sourcecode.swift; path = Player.swift; sourceTree = "<group>"; };
		1FC91117256008B2005D5F35 /* PlayerViewController.swift */ = {isa = PBXFileReference; lastKnownFileType = sourcecode.swift; path = PlayerViewController.swift; sourceTree = "<group>"; };
		1FC9D7B32559BC8E00E2F1FD /* NBAPlayers.app */ = {isa = PBXFileReference; explicitFileType = wrapper.application; includeInIndex = 0; path = NBAPlayers.app; sourceTree = BUILT_PRODUCTS_DIR; };
		1FC9D7B62559BC8E00E2F1FD /* AppDelegate.swift */ = {isa = PBXFileReference; lastKnownFileType = sourcecode.swift; path = AppDelegate.swift; sourceTree = "<group>"; };
		1FC9D7B82559BC8E00E2F1FD /* SceneDelegate.swift */ = {isa = PBXFileReference; lastKnownFileType = sourcecode.swift; path = SceneDelegate.swift; sourceTree = "<group>"; };
		1FC9D7BD2559BC8F00E2F1FD /* Base */ = {isa = PBXFileReference; lastKnownFileType = file.storyboard; name = Base; path = Base.lproj/Main.storyboard; sourceTree = "<group>"; };
		1FC9D7BF2559BC9400E2F1FD /* Assets.xcassets */ = {isa = PBXFileReference; lastKnownFileType = folder.assetcatalog; path = Assets.xcassets; sourceTree = "<group>"; };
		1FC9D7C22559BC9400E2F1FD /* Base */ = {isa = PBXFileReference; lastKnownFileType = file.storyboard; name = Base; path = Base.lproj/LaunchScreen.storyboard; sourceTree = "<group>"; };
		1FC9D7C42559BC9400E2F1FD /* Info.plist */ = {isa = PBXFileReference; lastKnownFileType = text.plist.xml; path = Info.plist; sourceTree = "<group>"; };
		1FC9D7CA2559BE0E00E2F1FD /* PlayersViewController.swift */ = {isa = PBXFileReference; lastKnownFileType = sourcecode.swift; path = PlayersViewController.swift; sourceTree = "<group>"; };
/* End PBXFileReference section */

/* Begin PBXFrameworksBuildPhase section */
		1FC9D7B02559BC8E00E2F1FD /* Frameworks */ = {
			isa = PBXFrameworksBuildPhase;
			buildActionMask = 2147483647;
			files = (
			);
			runOnlyForDeploymentPostprocessing = 0;
		};
/* End PBXFrameworksBuildPhase section */

/* Begin PBXGroup section */
		1FC9D7AA2559BC8E00E2F1FD = {
			isa = PBXGroup;
			children = (
				1FC9D7B52559BC8E00E2F1FD /* NBAPlayers */,
				1FC9D7B42559BC8E00E2F1FD /* Products */,
			);
			sourceTree = "<group>";
		};
		1FC9D7B42559BC8E00E2F1FD /* Products */ = {
			isa = PBXGroup;
			children = (
				1FC9D7B32559BC8E00E2F1FD /* NBAPlayers.app */,
			);
			name = Products;
			sourceTree = "<group>";
		};
		1FC9D7B52559BC8E00E2F1FD /* NBAPlayers */ = {
			isa = PBXGroup;
			children = (
				1FC9D7B62559BC8E00E2F1FD /* AppDelegate.swift */,
				1FC9D7B82559BC8E00E2F1FD /* SceneDelegate.swift */,
				1FC9D7BC2559BC8F00E2F1FD /* Main.storyboard */,
				1FC9D7CA2559BE0E00E2F1FD /* PlayersViewController.swift */,
				1FC9D7BF2559BC9400E2F1FD /* Assets.xcassets */,
				1FC9D7C12559BC9400E2F1FD /* LaunchScreen.storyboard */,
				1FC9D7C42559BC9400E2F1FD /* Info.plist */,
				1FC91117256008B2005D5F35 /* PlayerViewController.swift */,
				1F4C6D7225602243003BFC5A /* Player.swift */,
			);
			path = NBAPlayers;
			sourceTree = "<group>";
		};
/* End PBXGroup section */

/* Begin PBXNativeTarget section */
		1FC9D7B22559BC8E00E2F1FD /* NBAPlayers */ = {
			isa = PBXNativeTarget;
			buildConfigurationList = 1FC9D7C72559BC9400E2F1FD /* Build configuration list for PBXNativeTarget "NBAPlayers" */;
			buildPhases = (
				1FC9D7AF2559BC8E00E2F1FD /* Sources */,
				1FC9D7B02559BC8E00E2F1FD /* Frameworks */,
				1FC9D7B12559BC8E00E2F1FD /* Resources */,
			);
			buildRules = (
			);
			dependencies = (
			);
			name = NBAPlayers;
			productName = NBAPlayers;
			productReference = 1FC9D7B32559BC8E00E2F1FD /* NBAPlayers.app */;
			productType = "com.apple.product-type.application";
		};
/* End PBXNativeTarget section */

/* Begin PBXProject section */
		1FC9D7AB2559BC8E00E2F1FD /* Project object */ = {
			isa = PBXProject;
			attributes = {
				LastSwiftUpdateCheck = 1150;
				LastUpgradeCheck = 1150;
				ORGANIZATIONNAME = "Александр";
				TargetAttributes = {
					1FC9D7B22559BC8E00E2F1FD = {
						CreatedOnToolsVersion = 11.5;
					};
				};
			};
			buildConfigurationList = 1FC9D7AE2559BC8E00E2F1FD /* Build configuration list for PBXProject "NBAPlayers" */;
			compatibilityVersion = "Xcode 9.3";
			developmentRegion = en;
			hasScannedForEncodings = 0;
			knownRegions = (
				en,
				Base,
			);
			mainGroup = 1FC9D7AA2559BC8E00E2F1FD;
			productRefGroup = 1FC9D7B42559BC8E00E2F1FD /* Products */;
			projectDirPath = "";
			projectRoot = "";
			targets = (
				1FC9D7B22559BC8E00E2F1FD /* NBAPlayers */,
			);
		};
/* End PBXProject section */

/* Begin PBXResourcesBuildPhase section */
		1FC9D7B12559BC8E00E2F1FD /* Resources */ = {
			isa = PBXResourcesBuildPhase;
			buildActionMask = 2147483647;
			files = (
				1FC9D7C32559BC9400E2F1FD /* LaunchScreen.storyboard in Resources */,
				1FC9D7C02559BC9400E2F1FD /* Assets.xcassets in Resources */,
				1FC9D7BE2559BC8F00E2F1FD /* Main.storyboard in Resources */,
			);
			runOnlyForDeploymentPostprocessing = 0;
		};
/* End PBXResourcesBuildPhase section */

/* Begin PBXSourcesBuildPhase section */
		1FC9D7AF2559BC8E00E2F1FD /* Sources */ = {
			isa = PBXSourcesBuildPhase;
			buildActionMask = 2147483647;
			files = (
				1FC9D7B72559BC8E00E2F1FD /* AppDelegate.swift in Sources */,
				1FC91118256008B2005D5F35 /* PlayerViewController.swift in Sources */,
				1FC9D7B92559BC8E00E2F1FD /* SceneDelegate.swift in Sources */,
				1F4C6D7325602243003BFC5A /* Player.swift in Sources */,
				1FC9D7CB2559BE0E00E2F1FD /* PlayersViewController.swift in Sources */,
			);
			runOnlyForDeploymentPostprocessing = 0;
		};
/* End PBXSourcesBuildPhase section */

/* Begin PBXVariantGroup section */
		1FC9D7BC2559BC8F00E2F1FD /* Main.storyboard */ = {
			isa = PBXVariantGroup;
			children = (
				1FC9D7BD2559BC8F00E2F1FD /* Base */,
			);
			name = Main.storyboard;
			sourceTree = "<group>";
		};
		1FC9D7C12559BC9400E2F1FD /* LaunchScreen.storyboard */ = {
			isa = PBXVariantGroup;
			children = (
				1FC9D7C22559BC9400E2F1FD /* Base */,
			);
			name = LaunchScreen.storyboard;
			sourceTree = "<group>";
		};
/* End PBXVariantGroup section */

/* Begin XCBuildConfiguration section */
		1FC9D7C52559BC9400E2F1FD /* Debug */ = {
			isa = XCBuildConfiguration;
			buildSettings = {
				ALWAYS_SEARCH_USER_PATHS = NO;
				CLANG_ANALYZER_NONNULL = YES;
				CLANG_ANALYZER_NUMBER_OBJECT_CONVERSION = YES_AGGRESSIVE;
				CLANG_CXX_LANGUAGE_STANDARD = "gnu++14";
				CLANG_CXX_LIBRARY = "libc++";
				CLANG_ENABLE_MODULES = YES;
				CLANG_ENABLE_OBJC_ARC = YES;
				CLANG_ENABLE_OBJC_WEAK = YES;
				CLANG_WARN_BLOCK_CAPTURE_AUTORELEASING = YES;
				CLANG_WARN_BOOL_CONVERSION = YES;
				CLANG_WARN_COMMA = YES;
				CLANG_WARN_CONSTANT_CONVERSION = YES;
				CLANG_WARN_DEPRECATED_OBJC_IMPLEMENTATIONS = YES;
				CLANG_WARN_DIRECT_OBJC_ISA_USAGE = YES_ERROR;
				CLANG_WARN_DOCUMENTATION_COMMENTS = YES;
				CLANG_WARN_EMPTY_BODY = YES;
				CLANG_WARN_ENUM_CONVERSION = YES;
				CLANG_WARN_INFINITE_RECURSION = YES;
				CLANG_WARN_INT_CONVERSION = YES;
				CLANG_WARN_NON_LITERAL_NULL_CONVERSION = YES;
				CLANG_WARN_OBJC_IMPLICIT_RETAIN_SELF = YES;
				CLANG_WARN_OBJC_LITERAL_CONVERSION = YES;
				CLANG_WARN_OBJC_ROOT_CLASS = YES_ERROR;
				CLANG_WARN_RANGE_LOOP_ANALYSIS = YES;
				CLANG_WARN_STRICT_PROTOTYPES = YES;
				CLANG_WARN_SUSPICIOUS_MOVE = YES;
				CLANG_WARN_UNGUARDED_AVAILABILITY = YES_AGGRESSIVE;
				CLANG_WARN_UNREACHABLE_CODE = YES;
				CLANG_WARN__DUPLICATE_METHOD_MATCH = YES;
				COPY_PHASE_STRIP = NO;
				DEBUG_INFORMATION_FORMAT = dwarf;
				ENABLE_STRICT_OBJC_MSGSEND = YES;
				ENABLE_TESTABILITY = YES;
				GCC_C_LANGUAGE_STANDARD = gnu11;
				GCC_DYNAMIC_NO_PIC = NO;
				GCC_NO_COMMON_BLOCKS = YES;
				GCC_OPTIMIZATION_LEVEL = 0;
				GCC_PREPROCESSOR_DEFINITIONS = (
					"DEBUG=1",
					"$(inherited)",
				);
				GCC_WARN_64_TO_32_BIT_CONVERSION = YES;
				GCC_WARN_ABOUT_RETURN_TYPE = YES_ERROR;
				GCC_WARN_UNDECLARED_SELECTOR = YES;
				GCC_WARN_UNINITIALIZED_AUTOS = YES_AGGRESSIVE;
				GCC_WARN_UNUSED_FUNCTION = YES;
				GCC_WARN_UNUSED_VARIABLE = YES;
				IPHONEOS_DEPLOYMENT_TARGET = 13.5;
				MTL_ENABLE_DEBUG_INFO = INCLUDE_SOURCE;
				MTL_FAST_MATH = YES;
				ONLY_ACTIVE_ARCH = YES;
				SDKROOT = iphoneos;
				SWIFT_ACTIVE_COMPILATION_CONDITIONS = DEBUG;
				SWIFT_OPTIMIZATION_LEVEL = "-Onone";
			};
			name = Debug;
		};
		1FC9D7C62559BC9400E2F1FD /* Release */ = {
			isa = XCBuildConfiguration;
			buildSettings = {
				ALWAYS_SEARCH_USER_PATHS = NO;
				CLANG_ANALYZER_NONNULL = YES;
				CLANG_ANALYZER_NUMBER_OBJECT_CONVERSION = YES_AGGRESSIVE;
				CLANG_CXX_LANGUAGE_STANDARD = "gnu++14";
				CLANG_CXX_LIBRARY = "libc++";
				CLANG_ENABLE_MODULES = YES;
				CLANG_ENABLE_OBJC_ARC = YES;
				CLANG_ENABLE_OBJC_WEAK = YES;
				CLANG_WARN_BLOCK_CAPTURE_AUTORELEASING = YES;
				CLANG_WARN_BOOL_CONVERSION = YES;
				CLANG_WARN_COMMA = YES;
				CLANG_WARN_CONSTANT_CONVERSION = YES;
				CLANG_WARN_DEPRECATED_OBJC_IMPLEMENTATIONS = YES;
				CLANG_WARN_DIRECT_OBJC_ISA_USAGE = YES_ERROR;
				CLANG_WARN_DOCUMENTATION_COMMENTS = YES;
				CLANG_WARN_EMPTY_BODY = YES;
				CLANG_WARN_ENUM_CONVERSION = YES;
				CLANG_WARN_INFINITE_RECURSION = YES;
				CLANG_WARN_INT_CONVERSION = YES;
				CLANG_WARN_NON_LITERAL_NULL_CONVERSION = YES;
				CLANG_WARN_OBJC_IMPLICIT_RETAIN_SELF = YES;
				CLANG_WARN_OBJC_LITERAL_CONVERSION = YES;
				CLANG_WARN_OBJC_ROOT_CLASS = YES_ERROR;
				CLANG_WARN_RANGE_LOOP_ANALYSIS = YES;
				CLANG_WARN_STRICT_PROTOTYPES = YES;
				CLANG_WARN_SUSPICIOUS_MOVE = YES;
				CLANG_WARN_UNGUARDED_AVAILABILITY = YES_AGGRESSIVE;
				CLANG_WARN_UNREACHABLE_CODE = YES;
				CLANG_WARN__DUPLICATE_METHOD_MATCH = YES;
				COPY_PHASE_STRIP = NO;
				DEBUG_INFORMATION_FORMAT = "dwarf-with-dsym";
				ENABLE_NS_ASSERTIONS = NO;
				ENABLE_STRICT_OBJC_MSGSEND = YES;
				GCC_C_LANGUAGE_STANDARD = gnu11;
				GCC_NO_COMMON_BLOCKS = YES;
				GCC_WARN_64_TO_32_BIT_CONVERSION = YES;
				GCC_WARN_ABOUT_RETURN_TYPE = YES_ERROR;
				GCC_WARN_UNDECLARED_SELECTOR = YES;
				GCC_WARN_UNINITIALIZED_AUTOS = YES_AGGRESSIVE;
				GCC_WARN_UNUSED_FUNCTION = YES;
				GCC_WARN_UNUSED_VARIABLE = YES;
				IPHONEOS_DEPLOYMENT_TARGET = 13.5;
				MTL_ENABLE_DEBUG_INFO = NO;
				MTL_FAST_MATH = YES;
				SDKROOT = iphoneos;
				SWIFT_COMPILATION_MODE = wholemodule;
				SWIFT_OPTIMIZATION_LEVEL = "-O";
				VALIDATE_PRODUCT = YES;
			};
			name = Release;
		};
		1FC9D7C82559BC9400E2F1FD /* Debug */ = {
			isa = XCBuildConfiguration;
			buildSettings = {
				ASSETCATALOG_COMPILER_APPICON_NAME = AppIcon;
				CODE_SIGN_STYLE = Automatic;
				INFOPLIST_FILE = NBAPlayers/Info.plist;
				LD_RUNPATH_SEARCH_PATHS = (
					"$(inherited)",
					"@executable_path/Frameworks",
				);
				PRODUCT_BUNDLE_IDENTIFIER = staetskiyIO.NBAPlayers;
				PRODUCT_NAME = "$(TARGET_NAME)";
				SWIFT_VERSION = 5.0;
				TARGETED_DEVICE_FAMILY = "1,2";
			};
			name = Debug;
		};
		1FC9D7C92559BC9400E2F1FD /* Release */ = {
			isa = XCBuildConfiguration;
			buildSettings = {
				ASSETCATALOG_COMPILER_APPICON_NAME = AppIcon;
				CODE_SIGN_STYLE = Automatic;
				INFOPLIST_FILE = NBAPlayers/Info.plist;
				LD_RUNPATH_SEARCH_PATHS = (
					"$(inherited)",
					"@executable_path/Frameworks",
				);
				PRODUCT_BUNDLE_IDENTIFIER = staetskiyIO.NBAPlayers;
				PRODUCT_NAME = "$(TARGET_NAME)";
				SWIFT_VERSION = 5.0;
				TARGETED_DEVICE_FAMILY = "1,2";
			};
			name = Release;
		};
/* End XCBuildConfiguration section */

/* Begin XCConfigurationList section */
		1FC9D7AE2559BC8E00E2F1FD /* Build configuration list for PBXProject "NBAPlayers" */ = {
			isa = XCConfigurationList;
			buildConfigurations = (
				1FC9D7C52559BC9400E2F1FD /* Debug */,
				1FC9D7C62559BC9400E2F1FD /* Release */,
			);
			defaultConfigurationIsVisible = 0;
			defaultConfigurationName = Release;
		};
		1FC9D7C72559BC9400E2F1FD /* Build configuration list for PBXNativeTarget "NBAPlayers" */ = {
			isa = XCConfigurationList;
			buildConfigurations = (
				1FC9D7C82559BC9400E2F1FD /* Debug */,
				1FC9D7C92559BC9400E2F1FD /* Release */,
			);
			defaultConfigurationIsVisible = 0;
			defaultConfigurationName = Release;
		};
/* End XCConfigurationList section */
	};
	rootObject = 1FC9D7AB2559BC8E00E2F1FD /* Project object */;
}
